{
  "requires": true,
  "lockfileVersion": 1,
  "dependencies": {
    "dayjs": {
      "version": "1.8.17",
      "resolved": "https://registry.npmjs.org/dayjs/-/dayjs-1.8.17.tgz",
      "integrity": "sha512-47VY/htqYqr9GHd7HW/h56PpQzRBSJcxIQFwqL3P20bMF/3az5c3PWdVY3LmPXFl6cQCYHL7c79b9ov+2bOBbw=="
    },
    "gcoord": {
      "version": "0.2.3",
      "resolved": "https://registry.npmjs.org/gcoord/-/gcoord-0.2.3.tgz",
      "integrity": "sha512-BxSlrzGzv/tNzkyTS3/wWTH/EL0dWFLGNAC2wNFPUrlJ5dm9qrzgE6G1kuT/hjkbzr68tlDimcw6wZ3YCwHWzg=="
    },
    "vue": {
      "version": "2.6.11",
      "resolved": "https://registry.npmjs.org/vue/-/vue-2.6.11.tgz",
      "integrity": "sha512-VfPwgcGABbGAue9+sfrD4PuwFar7gPb1yl1UK1MwXoQPAw0BKSqWfoYCT/ThFrdEVWoI51dBuyCoiNU9bZDZxQ=="
    },
    "vue-smart-parse": {
      "version": "3.0.1",
      "resolved": "https://registry.npmjs.org/vue-smart-parse/-/vue-smart-parse-3.0.1.tgz",
      "integrity": "sha512-A6UjZJOgG2aN3pTKVM7Jh4wSJv6g4vqkOqHP/6ffiDkwzuLLAk9fnwoZxp5pzc/isp26qFHQpMpcxu6Jq/u1tA==",
      "requires": {
        "vue": "^2.5.11"
      }
    }
  }
}
